github.com/fsnotify/fsnotify v1.7.0 h1:8JE+PFn5I5t5Aq5hojYz3ePx6m/Hr3n4UkYlyo8tRlI=
github.com/fsnotify/fsnotify v1.7.0/go.mod h1:40Bi/Hjc2AVfzrj2Fk+j5LNRzcPNfkRT3zJl3k0uXAy8=
github.com/hashicorp/hcl v1.0.0 h1:0AnRjMl37has0EkGQi5i7ZQJHKuMvnLL7uN5njH68H4=
github.com/hashicorp/hcl v1.0.0/go.mod h1:E5yfLk+7swrvjHUc4wVJhXUaaoeD5hGJgdRE2bMtaNk=
github.com/magiconair/properties v1.8.7 h1:7ZzI2MdHw7gqXCMKzYZjbefx51YXk6OBYd5lYcHDfY=
github.com/magiconair/properties v1.8.7/go.mod h1:YdvVZqVjPPYjiR1PyqBWfwNnwBdh8Wpx6nDbTs5EDcE=
github.com/mattn/go-isatty v0.0.20 h1:xfD0iDuE/kDUGp3xqyhFTf9V5cOJ7u8EwRbVTN05uEk=
github.com/mattn/go-isatty v0.0.20/go.mod h1:W+V8PltTUIJM6M4xlaN5zX7Dac0Cb0eK1Ca4h0v4Bbk=
github.com/mitchellh/mapstructure v1.5.0 h1:jeMsZIYE/09sWLaz43PL7GMzK+s0/5wz3SVz3C1s2fY=
github.com/mitchellh/mapstructure v1.5.0/go.mod h1:bFUtVrKA4UC2l/jO5N7OLZnysZ867kq9NqPCoS/nEg=
github.com/pelletier/go-toml/v2 v2.2.2 h1:aYuTkguxDRfu5UMGb9q6Yw7YnUzj2AxlZJRkbc9NAqc=
github.com/pelletier/go-toml/v2 v2.2.2/go.mod h1:1tU5iaO0I28Cq95sC5DKm+CNw3/uQGNnHxMVdFBKRws=
github.com/rs/zerolog v1.32.0 h1:keSSyCplfHWvWdOOHLf8LgQhxdPbZCvgHmy81hC5SgU=
github.com/rs/zerolog v1.32.0/go.mod h1:/7zkLpZC9HbMNd5ZRuFmHvGuKLvWB/EmJ8HRiQMwY10=
github.com/sagikazarmark/locafero v0.4.0 h1:IIsdFrq1kZ5W5KbGgXSB1v9ByUkU2EkU8dLCLv+dW9M=
github.com/sagikazarmark/locafero v0.4.0/go.mod h1:Pe1WwfnFWOy3Qz1VPb4cGiXAo67kWcE9U3Pd8rLkNIY=
github.com/sagikazarmark/slog-shim v0.1.0 h1:tiReJZ2hw6/sd3+PHFvSCXt0t2qklKQsflJmu5sKJ/E=
github.com/sagikazarmark/slog-shim v0.1.0/go.mod h1:HiJlf5wl8PCBhuWDcUuNMyWLpxvRHKDKEpQlAbJF6dY=
github.com/sourcegraph/conc v0.3.0 h1:O7bbxF+qKwbKryCZoUbvTcS44p7BkfNk0iSSJk4+mcI=
github.com/sourcegraph/conc v0.3.0/go.mod h1:SdqiM5RW6u3lX+Q2g4zJpX9Z7MNL2fDCpLNFgN3uQJw=
github.com/spf13/afero v1.11.0 h1:7JXxJG2j1fsPHKAp7EX5SaYpZp5BLqANUNdjYdVHQT8=
github.com/spf13/afero v1.11.0/go.mod h1:YCMFcF5Gj+/7NpgHxWiK2oZS8NuE9cNRzg5Y37QRwU=
github.com/spf13/cast v1.6.0 h1:GEiTHELFbbpa5y3IJVRuhKgAFThNw9yJrQiG2XSxyOY=
github.com/spf13/cast v1.6.0/go.mod h1:xeoHIclM0zX3bcNg5tCyDRQEtV+pcexHNZ2uODo5rGc=
github.com/spf13/pflag v1.0.5 h1:iy+VFUOCP1a+8yFto/drg2CJ5u0yRoB7fZw3DKv/JXA=
github.com/spf13/pflag v1.0.5/go.mod h1:McXfInJRrz4CZXVZOBLb0bTZqETkAhM8H0UYQYqNLs=
github.com/spf13/viper v1.18.2 h1:LUXC5NasM8kV1iCZE29XXznm3X6etOCxcQTWFFpnVEU=
github.com/spf13/viper v1.18.2/go.mod h1:Ek792+1T6Q6VZQayP27pl5qUvDnSJRyAKM8puxJdkZ4=
github.com/subosito/gotenv v1.6.0 h1:9NlTdcl5z1nIbSfIq+LvDIjLTn2tVYf8eCkA5U9MyD4=
github.com/subosito/gotenv v1.6.0/go.mod h1:Dk4QP5c2W3ibzj3cFERxMSYw0BrGQSnPlZflLeUL0EI=
go.uber.org/atomic v1.9.0 h1:ECmE8BBnIAgquwFaHpPcS8dG4eQKHbKsODPVzZQ0UKE=
go.uber.org/atomic v1.9.0/go.mod h1:fEN4uk6kAWBTFdckzkM89CLk9XfWZrxpCo0nPH17wJc=
go.uber.org/multierr v1.9.0 h1:7fIwc/ZtS0aq++k1tLiHYPdFfZV/pR4cQapffPTJYv4=
go.uber.org/multierr v1.9.0/go.mod h1:X2jQ7t1BHzg36+RXdMXzElkqd+HqUsDeAZrWt7s/Bs=
golang.org/x/exp v0.0.0-20230905200255-921286631fa9 h1:FRpJUOqQG9tNhPYho9ruWPl7pmvXTveUEAKl0kHlH8=
golang.org/x/exp v0.0.0-20230905200255-921286631fa9/go.mod h1:U2n88pbbLx3cVZxFHnKZ/i2x13l9CdJDfUUuxLd+kg=
golang.org/x/sys v0.20.0 h1:Od9JTbYCk261pKPPti9PaVPM+7VQ8kWNkqg3nM438W1E=
golang.org/x/sys v0.20.0/go.mod h1:/VUhepiaJMQUp4+oa/7Zr1D23ma6VTLIYjOOTFZPUcA=
golang.org/x/text v0.15.0 h1:h1V/4gjBvJvq3M7c+4gULtq8Qse9FRCkh1pM2BL1f1g=
golang.org/x/text v0.15.0/go.mod h1:18YZQ1pDs6tBd3kMNANp3mVAyvtwWv5WCH1+nELhBg=
gopkg.in/ini.v1 v1.67.0 h1:Dgnx+6+nfE+IfzjUEISNeydPJh9AXNNsWbGP9KzCs0=
gopkg.in/ini.v1 v1.67.0/go.mod h1:pNLf8WUiyNEtQjuu5G5vTm06TEv9tsIgeAvK8hOrP4k=
gopkg.in/yaml.v3 v3.0.1 h1:fxVm/GzAzEWqLHuvctI91KS9hhNmmWOoWu0XTYJS7CA=
gopkg.in/yaml.v3 v3.0.1/go.mod h1:K4uyk7z7BCEPqu6E+C64Yfv1cQ7kz7rIZviUmN+EgEM=
